
Microsoft Visual Studio Solution File, Format Version 12.00
# Visual Studio Version 17
VisualStudioVersion = 17.2.32616.157
MinimumVisualStudioVersion = 10.0.40219.1
Project("{FAE04EC0-301F-11D3-BF4B-00C04F79EFBC}") = "aula1.1", "aula1.1\aula1.1.csproj", "{3E4A0C27-D4A2-4EBE-A62F-2F9A7C29633A}"
EndProject
Global
	GlobalSection(SolutionConfigurationPlatforms) = preSolution
		Debug|Any CPU = Debug|Any CPU
		Release|Any CPU = Release|Any CPU
	EndGlobalSection
	GlobalSection(ProjectConfigurationPlatforms) = postSolution
		{3E4A0C27-D4A2-4EBE-A62F-2F9A7C29633A}.Debug|Any CPU.ActiveCfg = Debug|Any CPU
		{3E4A0C27-D4A2-4EBE-A62F-2F9A7C29633A}.Debug|Any CPU.Build.0 = Debug|Any CPU
		{3E4A0C27-D4A2-4EBE-A62F-2F9A7C29633A}.Release|Any CPU.ActiveCfg = Release|Any CPU
		{3E4A0C27-D4A2-4EBE-A62F-2F9A7C29633A}.Release|Any CPU.Build.0 = Release|Any CPU
	EndGlobalSection
	GlobalSection(SolutionProperties) = preSolution
		HideSolutionNode = FALSE
	EndGlobalSection
	GlobalSection(ExtensibilityGlobals) = postSolution
		SolutionGuid = {B519ADBF-44C3-4340-9F2F-B487A33D80F0}
	EndGlobalSection
EndGlobal
